
Microsoft Visual Studio Solution File, Format Version 12.00
# Visual Studio Version 17
VisualStudioVersion = 17.13.35825.156 d17.13
MinimumVisualStudioVersion = 10.0.40219.1
Project("{FAE04EC0-301F-11D3-BF4B-00C04F79EFBC}") = "CET2007_GameStats", "CET2007_GameStats.csproj", "{79648865-2049-4B65-999E-F871D3BF031A}"
EndProject
Global
	GlobalSection(SolutionConfigurationPlatforms) = preSolution
		Debug|Any CPU = Debug|Any CPU
		Release|Any CPU = Release|Any CPU
	EndGlobalSection
	GlobalSection(ProjectConfigurationPlatforms) = postSolution
		{79648865-2049-4B65-999E-F871D3BF031A}.Debug|Any CPU.ActiveCfg = Debug|Any CPU
		{79648865-2049-4B65-999E-F871D3BF031A}.Debug|Any CPU.Build.0 = Debug|Any CPU
		{79648865-2049-4B65-999E-F871D3BF031A}.Release|Any CPU.ActiveCfg = Release|Any CPU
		{79648865-2049-4B65-999E-F871D3BF031A}.Release|Any CPU.Build.0 = Release|Any CPU
	EndGlobalSection
	GlobalSection(SolutionProperties) = preSolution
		HideSolutionNode = FALSE
	EndGlobalSection
	GlobalSection(ExtensibilityGlobals) = postSolution
		SolutionGuid = {09B500A3-8CC9-428D-BC42-8542A7FC5CC6}
	EndGlobalSection
EndGlobal
